
Microsoft Visual Studio Solution File, Format Version 12.00
# Visual Studio Version 17
VisualStudioVersion = 17.4.33403.182
MinimumVisualStudioVersion = 10.0.40219.1
Project("{2150E333-8FDC-42A3-9474-1A3956D46DE8}") = "src", "src", "{86C75CFA-C4F8-443C-B1E6-2B58AE5704DD}"
EndProject
Project("{2150E333-8FDC-42A3-9474-1A3956D46DE8}") = "test", "test", "{38D5882C-D028-42B5-9A00-9DE80143988F}"
EndProject
Project("{2150E333-8FDC-42A3-9474-1A3956D46DE8}") = "UI", "UI", "{218431A4-91F1-43DD-9C99-E4A8B402376C}"
EndProject
Project("{2150E333-8FDC-42A3-9474-1A3956D46DE8}") = "Core", "Core", "{BE1097A9-59BB-41C0-A263-0483FBC00908}"
EndProject
Project("{2150E333-8FDC-42A3-9474-1A3956D46DE8}") = "Infrastructure", "Infrastructure", "{6D239B9F-A676-4F08-89C1-DABCA3C51D0F}"
EndProject
Project("{2150E333-8FDC-42A3-9474-1A3956D46DE8}") = "API", "API", "{136FCEB4-C66A-448D-9CE4-F3A511C48C1B}"
EndProject
Project("{9A19103F-16F7-4668-BE54-9A1E7A4F7556}") = "HR.LeaveManagement.Domain", "HR.LeaveManagement.Domain\HR.LeaveManagement.Domain.csproj", "{25E6B9AB-F8CB-46E3-9B06-D47CDB39AD0A}"
EndProject
Project("{9A19103F-16F7-4668-BE54-9A1E7A4F7556}") = "HR.LeaveManagement.Application", "HR.LeaveManagement.Application\HR.LeaveManagement.Application.csproj", "{166EBBB1-ABED-463A-B494-36A801729879}"
EndProject
Project("{2150E333-8FDC-42A3-9474-1A3956D46DE8}") = "ソリューション項目", "ソリューション項目", "{6D3DD91A-831A-49DF-A4B2-21B2D9CDE83B}"
	ProjectSection(SolutionItems) = preProject
		ReadMe.md = ReadMe.md
	EndProjectSection
EndProject
Project("{9A19103F-16F7-4668-BE54-9A1E7A4F7556}") = "HR.LeaveManagement.Persistence", "HR.LeaveManagement.Persistence\HR.LeaveManagement.Persistence.csproj", "{3F6DB065-E15E-47F6-BA3D-351704A58AF9}"
EndProject
Project("{9A19103F-16F7-4668-BE54-9A1E7A4F7556}") = "HR.LeaveManagement.Infrastructure", "HR.LeaveManagement.Infrastructure\HR.LeaveManagement.Infrastructure.csproj", "{3AC3ECCB-9F55-4D90-A396-1C2D578EAEA9}"
EndProject
Project("{9A19103F-16F7-4668-BE54-9A1E7A4F7556}") = "HR.LeaveManagement.Api", "HR.LeaveManagement.Api\HR.LeaveManagement.Api.csproj", "{64D7581C-B24D-4D6C-8858-8C34AB8F7A41}"
EndProject
Project("{9A19103F-16F7-4668-BE54-9A1E7A4F7556}") = "HR.LeaveManagement.Application.UnitTests", "HR.LeaveManagement.Application.UnitTests\HR.LeaveManagement.Application.UnitTests.csproj", "{8576D793-CF80-44F2-A083-816CC2908298}"
EndProject
Project("{9A19103F-16F7-4668-BE54-9A1E7A4F7556}") = "HR.LeaveManagement.Persistence.IntegrationTests", "HR.LeaveManagement.Persistence.IntegrationTests\HR.LeaveManagement.Persistence.IntegrationTests.csproj", "{ABA21802-887C-402D-A232-99245AE11606}"
EndProject
Project("{FAE04EC0-301F-11D3-BF4B-00C04F79EFBC}") = "HR.LeaveManagement.BlazorUI", "HR.LeaveManagement.BlazorUI\HR.LeaveManagement.BlazorUI.csproj", "{191B171F-8921-4F4E-9D66-26E7894C5FB8}"
EndProject
Global
	GlobalSection(SolutionConfigurationPlatforms) = preSolution
		Debug|Any CPU = Debug|Any CPU
		Release|Any CPU = Release|Any CPU
	EndGlobalSection
	GlobalSection(ProjectConfigurationPlatforms) = postSolution
		{25E6B9AB-F8CB-46E3-9B06-D47CDB39AD0A}.Debug|Any CPU.ActiveCfg = Debug|Any CPU
		{25E6B9AB-F8CB-46E3-9B06-D47CDB39AD0A}.Debug|Any CPU.Build.0 = Debug|Any CPU
		{25E6B9AB-F8CB-46E3-9B06-D47CDB39AD0A}.Release|Any CPU.ActiveCfg = Release|Any CPU
		{25E6B9AB-F8CB-46E3-9B06-D47CDB39AD0A}.Release|Any CPU.Build.0 = Release|Any CPU
		{166EBBB1-ABED-463A-B494-36A801729879}.Debug|Any CPU.ActiveCfg = Debug|Any CPU
		{166EBBB1-ABED-463A-B494-36A801729879}.Debug|Any CPU.Build.0 = Debug|Any CPU
		{166EBBB1-ABED-463A-B494-36A801729879}.Release|Any CPU.ActiveCfg = Release|Any CPU
		{166EBBB1-ABED-463A-B494-36A801729879}.Release|Any CPU.Build.0 = Release|Any CPU
		{3F6DB065-E15E-47F6-BA3D-351704A58AF9}.Debug|Any CPU.ActiveCfg = Debug|Any CPU
		{3F6DB065-E15E-47F6-BA3D-351704A58AF9}.Debug|Any CPU.Build.0 = Debug|Any CPU
		{3F6DB065-E15E-47F6-BA3D-351704A58AF9}.Release|Any CPU.ActiveCfg = Release|Any CPU
		{3F6DB065-E15E-47F6-BA3D-351704A58AF9}.Release|Any CPU.Build.0 = Release|Any CPU
		{3AC3ECCB-9F55-4D90-A396-1C2D578EAEA9}.Debug|Any CPU.ActiveCfg = Debug|Any CPU
		{3AC3ECCB-9F55-4D90-A396-1C2D578EAEA9}.Debug|Any CPU.Build.0 = Debug|Any CPU
		{3AC3ECCB-9F55-4D90-A396-1C2D578EAEA9}.Release|Any CPU.ActiveCfg = Release|Any CPU
		{3AC3ECCB-9F55-4D90-A396-1C2D578EAEA9}.Release|Any CPU.Build.0 = Release|Any CPU
		{64D7581C-B24D-4D6C-8858-8C34AB8F7A41}.Debug|Any CPU.ActiveCfg = Debug|Any CPU
		{64D7581C-B24D-4D6C-8858-8C34AB8F7A41}.Debug|Any CPU.Build.0 = Debug|Any CPU
		{64D7581C-B24D-4D6C-8858-8C34AB8F7A41}.Release|Any CPU.ActiveCfg = Release|Any CPU
		{64D7581C-B24D-4D6C-8858-8C34AB8F7A41}.Release|Any CPU.Build.0 = Release|Any CPU
		{8576D793-CF80-44F2-A083-816CC2908298}.Debug|Any CPU.ActiveCfg = Debug|Any CPU
		{8576D793-CF80-44F2-A083-816CC2908298}.Debug|Any CPU.Build.0 = Debug|Any CPU
		{8576D793-CF80-44F2-A083-816CC2908298}.Release|Any CPU.ActiveCfg = Release|Any CPU
		{8576D793-CF80-44F2-A083-816CC2908298}.Release|Any CPU.Build.0 = Release|Any CPU
		{ABA21802-887C-402D-A232-99245AE11606}.Debug|Any CPU.ActiveCfg = Debug|Any CPU
		{ABA21802-887C-402D-A232-99245AE11606}.Debug|Any CPU.Build.0 = Debug|Any CPU
		{ABA21802-887C-402D-A232-99245AE11606}.Release|Any CPU.ActiveCfg = Release|Any CPU
		{ABA21802-887C-402D-A232-99245AE11606}.Release|Any CPU.Build.0 = Release|Any CPU
		{191B171F-8921-4F4E-9D66-26E7894C5FB8}.Debug|Any CPU.ActiveCfg = Debug|Any CPU
		{191B171F-8921-4F4E-9D66-26E7894C5FB8}.Debug|Any CPU.Build.0 = Debug|Any CPU
		{191B171F-8921-4F4E-9D66-26E7894C5FB8}.Release|Any CPU.ActiveCfg = Release|Any CPU
		{191B171F-8921-4F4E-9D66-26E7894C5FB8}.Release|Any CPU.Build.0 = Release|Any CPU
	EndGlobalSection
	GlobalSection(SolutionProperties) = preSolution
		HideSolutionNode = FALSE
	EndGlobalSection
	GlobalSection(NestedProjects) = preSolution
		{218431A4-91F1-43DD-9C99-E4A8B402376C} = {86C75CFA-C4F8-443C-B1E6-2B58AE5704DD}
		{BE1097A9-59BB-41C0-A263-0483FBC00908} = {86C75CFA-C4F8-443C-B1E6-2B58AE5704DD}
		{6D239B9F-A676-4F08-89C1-DABCA3C51D0F} = {86C75CFA-C4F8-443C-B1E6-2B58AE5704DD}
		{136FCEB4-C66A-448D-9CE4-F3A511C48C1B} = {86C75CFA-C4F8-443C-B1E6-2B58AE5704DD}
		{25E6B9AB-F8CB-46E3-9B06-D47CDB39AD0A} = {BE1097A9-59BB-41C0-A263-0483FBC00908}
		{166EBBB1-ABED-463A-B494-36A801729879} = {BE1097A9-59BB-41C0-A263-0483FBC00908}
		{3F6DB065-E15E-47F6-BA3D-351704A58AF9} = {6D239B9F-A676-4F08-89C1-DABCA3C51D0F}
		{3AC3ECCB-9F55-4D90-A396-1C2D578EAEA9} = {6D239B9F-A676-4F08-89C1-DABCA3C51D0F}
		{64D7581C-B24D-4D6C-8858-8C34AB8F7A41} = {136FCEB4-C66A-448D-9CE4-F3A511C48C1B}
		{8576D793-CF80-44F2-A083-816CC2908298} = {38D5882C-D028-42B5-9A00-9DE80143988F}
		{ABA21802-887C-402D-A232-99245AE11606} = {38D5882C-D028-42B5-9A00-9DE80143988F}
		{191B171F-8921-4F4E-9D66-26E7894C5FB8} = {218431A4-91F1-43DD-9C99-E4A8B402376C}
	EndGlobalSection
	GlobalSection(ExtensibilityGlobals) = postSolution
		SolutionGuid = {26B94A06-8C0E-4721-A17E-321EE6ABB0EB}
	EndGlobalSection
EndGlobal
